
Microsoft Visual Studio Solution File, Format Version 12.00
# Visual Studio 15
VisualStudioVersion = 15.0.27130.2020
MinimumVisualStudioVersion = 10.0.40219.1
Project("{9A19103F-16F7-4668-BE54-9A1E7A4F7556}") = "OnTask.Web", "OnTask.Web\OnTask.Web.csproj", "{CE1D7B81-38E5-491D-87D0-B1FBD6FF9730}"
EndProject
Project("{00D1A9C2-B5F0-4AF3-8072-F6C62B433612}") = "OnTask.Database", "OnTask.Database\OnTask.Database.sqlproj", "{DCC18F4C-5698-4831-8BCA-FDE1EC091D55}"
EndProject
Global
	GlobalSection(SolutionConfigurationPlatforms) = preSolution
		Debug|Any CPU = Debug|Any CPU
		Release|Any CPU = Release|Any CPU
	EndGlobalSection
	GlobalSection(ProjectConfigurationPlatforms) = postSolution
		{CE1D7B81-38E5-491D-87D0-B1FBD6FF9730}.Debug|Any CPU.ActiveCfg = Debug|Any CPU
		{CE1D7B81-38E5-491D-87D0-B1FBD6FF9730}.Debug|Any CPU.Build.0 = Debug|Any CPU
		{CE1D7B81-38E5-491D-87D0-B1FBD6FF9730}.Release|Any CPU.ActiveCfg = Release|Any CPU
		{CE1D7B81-38E5-491D-87D0-B1FBD6FF9730}.Release|Any CPU.Build.0 = Release|Any CPU
		{DCC18F4C-5698-4831-8BCA-FDE1EC091D55}.Debug|Any CPU.ActiveCfg = Debug|Any CPU
		{DCC18F4C-5698-4831-8BCA-FDE1EC091D55}.Debug|Any CPU.Build.0 = Debug|Any CPU
		{DCC18F4C-5698-4831-8BCA-FDE1EC091D55}.Debug|Any CPU.Deploy.0 = Debug|Any CPU
		{DCC18F4C-5698-4831-8BCA-FDE1EC091D55}.Release|Any CPU.ActiveCfg = Release|Any CPU
		{DCC18F4C-5698-4831-8BCA-FDE1EC091D55}.Release|Any CPU.Build.0 = Release|Any CPU
		{DCC18F4C-5698-4831-8BCA-FDE1EC091D55}.Release|Any CPU.Deploy.0 = Release|Any CPU
	EndGlobalSection
	GlobalSection(SolutionProperties) = preSolution
		HideSolutionNode = FALSE
	EndGlobalSection
	GlobalSection(ExtensibilityGlobals) = postSolution
		SolutionGuid = {5B88AD08-63E8-4E92-9647-659D4114E09F}
	EndGlobalSection
EndGlobal
