
Microsoft Visual Studio Solution File, Format Version 12.00
# Visual Studio 15
VisualStudioVersion = 15.0.27130.2026
MinimumVisualStudioVersion = 10.0.40219.1
Project("{9A19103F-16F7-4668-BE54-9A1E7A4F7556}") = "OnTask.Web", "OnTask.Web\OnTask.Web.csproj", "{CE1D7B81-38E5-491D-87D0-B1FBD6FF9730}"
EndProject
Project("{00D1A9C2-B5F0-4AF3-8072-F6C62B433612}") = "OnTask.Database", "OnTask.Database\OnTask.Database.sqlproj", "{DCC18F4C-5698-4831-8BCA-FDE1EC091D55}"
EndProject
Project("{9A19103F-16F7-4668-BE54-9A1E7A4F7556}") = "OnTask.Test", "OnTask.Test\OnTask.Test.csproj", "{200B81AA-65B7-4FEB-A12C-8461547DC261}"
EndProject
Project("{9A19103F-16F7-4668-BE54-9A1E7A4F7556}") = "OnTask.Business", "OnTask.Business\OnTask.Business.csproj", "{1A020CB5-5307-4AF9-96FA-7601DE0E290C}"
EndProject
Project("{9A19103F-16F7-4668-BE54-9A1E7A4F7556}") = "OnTask.Common", "OnTask.Common\OnTask.Common.csproj", "{9513B9D1-6F2C-45B7-8AFF-A6BEA29A4069}"
EndProject
Project("{9A19103F-16F7-4668-BE54-9A1E7A4F7556}") = "OnTask.Data", "OnTask.Data\OnTask.Data.csproj", "{E6937F16-E3B9-4B3C-9739-7A94AD8E66AA}"
EndProject
Global
	GlobalSection(SolutionConfigurationPlatforms) = preSolution
		Debug|Any CPU = Debug|Any CPU
		Release|Any CPU = Release|Any CPU
	EndGlobalSection
	GlobalSection(ProjectConfigurationPlatforms) = postSolution
		{CE1D7B81-38E5-491D-87D0-B1FBD6FF9730}.Debug|Any CPU.ActiveCfg = Debug|Any CPU
		{CE1D7B81-38E5-491D-87D0-B1FBD6FF9730}.Debug|Any CPU.Build.0 = Debug|Any CPU
		{CE1D7B81-38E5-491D-87D0-B1FBD6FF9730}.Release|Any CPU.ActiveCfg = Release|Any CPU
		{CE1D7B81-38E5-491D-87D0-B1FBD6FF9730}.Release|Any CPU.Build.0 = Release|Any CPU
		{DCC18F4C-5698-4831-8BCA-FDE1EC091D55}.Debug|Any CPU.ActiveCfg = Debug|Any CPU
		{DCC18F4C-5698-4831-8BCA-FDE1EC091D55}.Debug|Any CPU.Build.0 = Debug|Any CPU
		{DCC18F4C-5698-4831-8BCA-FDE1EC091D55}.Release|Any CPU.ActiveCfg = Release|Any CPU
		{DCC18F4C-5698-4831-8BCA-FDE1EC091D55}.Release|Any CPU.Build.0 = Release|Any CPU
		{DCC18F4C-5698-4831-8BCA-FDE1EC091D55}.Release|Any CPU.Deploy.0 = Release|Any CPU
		{200B81AA-65B7-4FEB-A12C-8461547DC261}.Debug|Any CPU.ActiveCfg = Debug|Any CPU
		{200B81AA-65B7-4FEB-A12C-8461547DC261}.Debug|Any CPU.Build.0 = Debug|Any CPU
		{200B81AA-65B7-4FEB-A12C-8461547DC261}.Release|Any CPU.ActiveCfg = Release|Any CPU
		{200B81AA-65B7-4FEB-A12C-8461547DC261}.Release|Any CPU.Build.0 = Release|Any CPU
		{1A020CB5-5307-4AF9-96FA-7601DE0E290C}.Debug|Any CPU.ActiveCfg = Debug|Any CPU
		{1A020CB5-5307-4AF9-96FA-7601DE0E290C}.Debug|Any CPU.Build.0 = Debug|Any CPU
		{1A020CB5-5307-4AF9-96FA-7601DE0E290C}.Release|Any CPU.ActiveCfg = Release|Any CPU
		{1A020CB5-5307-4AF9-96FA-7601DE0E290C}.Release|Any CPU.Build.0 = Release|Any CPU
		{9513B9D1-6F2C-45B7-8AFF-A6BEA29A4069}.Debug|Any CPU.ActiveCfg = Debug|Any CPU
		{9513B9D1-6F2C-45B7-8AFF-A6BEA29A4069}.Debug|Any CPU.Build.0 = Debug|Any CPU
		{9513B9D1-6F2C-45B7-8AFF-A6BEA29A4069}.Release|Any CPU.ActiveCfg = Release|Any CPU
		{9513B9D1-6F2C-45B7-8AFF-A6BEA29A4069}.Release|Any CPU.Build.0 = Release|Any CPU
		{E6937F16-E3B9-4B3C-9739-7A94AD8E66AA}.Debug|Any CPU.ActiveCfg = Debug|Any CPU
		{E6937F16-E3B9-4B3C-9739-7A94AD8E66AA}.Debug|Any CPU.Build.0 = Debug|Any CPU
		{E6937F16-E3B9-4B3C-9739-7A94AD8E66AA}.Release|Any CPU.ActiveCfg = Release|Any CPU
		{E6937F16-E3B9-4B3C-9739-7A94AD8E66AA}.Release|Any CPU.Build.0 = Release|Any CPU
	EndGlobalSection
	GlobalSection(SolutionProperties) = preSolution
		HideSolutionNode = FALSE
	EndGlobalSection
	GlobalSection(ExtensibilityGlobals) = postSolution
		SolutionGuid = {5B88AD08-63E8-4E92-9647-659D4114E09F}
	EndGlobalSection
EndGlobal
